
Microsoft Visual Studio Solution File, Format Version 12.00
# Visual Studio 15
VisualStudioVersion = 15.0.28010.0
MinimumVisualStudioVersion = 10.0.40219.1
Project("{FAE04EC0-301F-11D3-BF4B-00C04F79EFBC}") = "Ingeniería de Software", "Final Labotarorio I\Ingeniería de Software.csproj", "{89F6674E-22CC-4E04-83C4-DEC4ACA25BFA}"
EndProject
Global
	GlobalSection(SolutionConfigurationPlatforms) = preSolution
		Debug|Any CPU = Debug|Any CPU
		Release|Any CPU = Release|Any CPU
	EndGlobalSection
	GlobalSection(ProjectConfigurationPlatforms) = postSolution
		{89F6674E-22CC-4E04-83C4-DEC4ACA25BFA}.Debug|Any CPU.ActiveCfg = Debug|Any CPU
		{89F6674E-22CC-4E04-83C4-DEC4ACA25BFA}.Debug|Any CPU.Build.0 = Debug|Any CPU
		{89F6674E-22CC-4E04-83C4-DEC4ACA25BFA}.Release|Any CPU.ActiveCfg = Release|Any CPU
		{89F6674E-22CC-4E04-83C4-DEC4ACA25BFA}.Release|Any CPU.Build.0 = Release|Any CPU
	EndGlobalSection
	GlobalSection(SolutionProperties) = preSolution
		HideSolutionNode = FALSE
	EndGlobalSection
	GlobalSection(ExtensibilityGlobals) = postSolution
		SolutionGuid = {B23F5B0C-63BC-4229-9D78-F7AA6C523576}
	EndGlobalSection
EndGlobal
